// !$*UTF8*$!
{
	archiveVersion = 1;
	classes = {
	};
	objectVersion = 50;
	objects = {

/* Begin PBXBuildFile section */
		102783182144AB35008B58D4 /* AppDelegate.swift in Sources */ = {isa = PBXBuildFile; fileRef = 102783172144AB35008B58D4 /* AppDelegate.swift */; };
		1027831A2144AB35008B58D4 /* ViewController.swift in Sources */ = {isa = PBXBuildFile; fileRef = 102783192144AB35008B58D4 /* ViewController.swift */; };
		1027831D2144AB35008B58D4 /* Main.storyboard in Resources */ = {isa = PBXBuildFile; fileRef = 1027831B2144AB35008B58D4 /* Main.storyboard */; };
		102783222144AB36008B58D4 /* LaunchScreen.storyboard in Resources */ = {isa = PBXBuildFile; fileRef = 102783202144AB36008B58D4 /* LaunchScreen.storyboard */; };
		1027832D2144AB36008B58D4 /* BalloonsTests.swift in Sources */ = {isa = PBXBuildFile; fileRef = 1027832C2144AB36008B58D4 /* BalloonsTests.swift */; };
		102783382144AB36008B58D4 /* BalloonsUITests.swift in Sources */ = {isa = PBXBuildFile; fileRef = 102783372144AB36008B58D4 /* BalloonsUITests.swift */; };
		102783462144B070008B58D4 /* Animation.swift in Sources */ = {isa = PBXBuildFile; fileRef = 102783452144B070008B58D4 /* Animation.swift */; };
		1027834C2145075D008B58D4 /* Assets.xcassets in Resources */ = {isa = PBXBuildFile; fileRef = 1027834B2145075C008B58D4 /* Assets.xcassets */; };
		32C39D1E8CBCAD0281EF544D /* Pods_Balloons.framework in Frameworks */ = {isa = PBXBuildFile; fileRef = ECCFB582C78BA9647B0FED38 /* Pods_Balloons.framework */; };
		735CA3C2D741E8935DDEBB16 /* Pods_BalloonsTests.framework in Frameworks */ = {isa = PBXBuildFile; fileRef = BA40C993A311B65F82EB7E39 /* Pods_BalloonsTests.framework */; };
		8426D21EE5CC56B094BAA296 /* Pods_BalloonsUITests.framework in Frameworks */ = {isa = PBXBuildFile; fileRef = 0B76DF42DF99D9FAC1415DE6 /* Pods_BalloonsUITests.framework */; };
		87ED0C6921459942003E7436 /* balloon.png in Resources */ = {isa = PBXBuildFile; fileRef = 87ED0C6821459942003E7436 /* balloon.png */; };
/* End PBXBuildFile section */

/* Begin PBXContainerItemProxy section */
		102783292144AB36008B58D4 /* PBXContainerItemProxy */ = {
			isa = PBXContainerItemProxy;
			containerPortal = 1027830C2144AB35008B58D4 /* Project object */;
			proxyType = 1;
			remoteGlobalIDString = 102783132144AB35008B58D4;
			remoteInfo = Balloons;
		};
		102783342144AB36008B58D4 /* PBXContainerItemProxy */ = {
			isa = PBXContainerItemProxy;
			containerPortal = 1027830C2144AB35008B58D4 /* Project object */;
			proxyType = 1;
			remoteGlobalIDString = 102783132144AB35008B58D4;
			remoteInfo = Balloons;
		};
/* End PBXContainerItemProxy section */

/* Begin PBXFileReference section */
		0B76DF42DF99D9FAC1415DE6 /* Pods_BalloonsUITests.framework */ = {isa = PBXFileReference; explicitFileType = wrapper.framework; includeInIndex = 0; path = Pods_BalloonsUITests.framework; sourceTree = BUILT_PRODUCTS_DIR; };
		102783142144AB35008B58D4 /* Balloons.app */ = {isa = PBXFileReference; explicitFileType = wrapper.application; includeInIndex = 0; path = Balloons.app; sourceTree = BUILT_PRODUCTS_DIR; };
		102783172144AB35008B58D4 /* AppDelegate.swift */ = {isa = PBXFileReference; lastKnownFileType = sourcecode.swift; path = AppDelegate.swift; sourceTree = "<group>"; };
		102783192144AB35008B58D4 /* ViewController.swift */ = {isa = PBXFileReference; lastKnownFileType = sourcecode.swift; path = ViewController.swift; sourceTree = "<group>"; };
		1027831C2144AB35008B58D4 /* Base */ = {isa = PBXFileReference; lastKnownFileType = file.storyboard; name = Base; path = Base.lproj/Main.storyboard; sourceTree = "<group>"; };
		102783212144AB36008B58D4 /* Base */ = {isa = PBXFileReference; lastKnownFileType = file.storyboard; name = Base; path = Base.lproj/LaunchScreen.storyboard; sourceTree = "<group>"; };
		102783232144AB36008B58D4 /* Info.plist */ = {isa = PBXFileReference; lastKnownFileType = text.plist.xml; path = Info.plist; sourceTree = "<group>"; };
		102783282144AB36008B58D4 /* BalloonsTests.xctest */ = {isa = PBXFileReference; explicitFileType = wrapper.cfbundle; includeInIndex = 0; path = BalloonsTests.xctest; sourceTree = BUILT_PRODUCTS_DIR; };
		1027832C2144AB36008B58D4 /* BalloonsTests.swift */ = {isa = PBXFileReference; lastKnownFileType = sourcecode.swift; path = BalloonsTests.swift; sourceTree = "<group>"; };
		1027832E2144AB36008B58D4 /* Info.plist */ = {isa = PBXFileReference; lastKnownFileType = text.plist.xml; path = Info.plist; sourceTree = "<group>"; };
		102783332144AB36008B58D4 /* BalloonsUITests.xctest */ = {isa = PBXFileReference; explicitFileType = wrapper.cfbundle; includeInIndex = 0; path = BalloonsUITests.xctest; sourceTree = BUILT_PRODUCTS_DIR; };
		102783372144AB36008B58D4 /* BalloonsUITests.swift */ = {isa = PBXFileReference; lastKnownFileType = sourcecode.swift; path = BalloonsUITests.swift; sourceTree = "<group>"; };
		102783392144AB36008B58D4 /* Info.plist */ = {isa = PBXFileReference; lastKnownFileType = text.plist.xml; path = Info.plist; sourceTree = "<group>"; };
		102783452144B070008B58D4 /* Animation.swift */ = {isa = PBXFileReference; lastKnownFileType = sourcecode.swift; path = Animation.swift; sourceTree = "<group>"; };
		1027834B2145075C008B58D4 /* Assets.xcassets */ = {isa = PBXFileReference; lastKnownFileType = folder.assetcatalog; path = Assets.xcassets; sourceTree = "<group>"; };
		2154947101A06C32AF423992 /* Pods-BalloonsTests.release.xcconfig */ = {isa = PBXFileReference; includeInIndex = 1; lastKnownFileType = text.xcconfig; name = "Pods-BalloonsTests.release.xcconfig"; path = "Pods/Target Support Files/Pods-BalloonsTests/Pods-BalloonsTests.release.xcconfig"; sourceTree = "<group>"; };
		28F3A1DEBA7E3C3861FFF37E /* Pods-Balloons.debug.xcconfig */ = {isa = PBXFileReference; includeInIndex = 1; lastKnownFileType = text.xcconfig; name = "Pods-Balloons.debug.xcconfig"; path = "Pods/Target Support Files/Pods-Balloons/Pods-Balloons.debug.xcconfig"; sourceTree = "<group>"; };
		317B0B155B1B50FD7EF07711 /* Pods-BalloonsUITests.release.xcconfig */ = {isa = PBXFileReference; includeInIndex = 1; lastKnownFileType = text.xcconfig; name = "Pods-BalloonsUITests.release.xcconfig"; path = "Pods/Target Support Files/Pods-BalloonsUITests/Pods-BalloonsUITests.release.xcconfig"; sourceTree = "<group>"; };
		803397CF4D3EE5DC61489A49 /* Pods-BalloonsUITests.debug.xcconfig */ = {isa = PBXFileReference; includeInIndex = 1; lastKnownFileType = text.xcconfig; name = "Pods-BalloonsUITests.debug.xcconfig"; path = "Pods/Target Support Files/Pods-BalloonsUITests/Pods-BalloonsUITests.debug.xcconfig"; sourceTree = "<group>"; };
		87ED0C6821459942003E7436 /* balloon.png */ = {isa = PBXFileReference; lastKnownFileType = image.png; path = balloon.png; sourceTree = "<group>"; };
		AF0BE01A404C667B827F1673 /* Pods-BalloonsTests.debug.xcconfig */ = {isa = PBXFileReference; includeInIndex = 1; lastKnownFileType = text.xcconfig; name = "Pods-BalloonsTests.debug.xcconfig"; path = "Pods/Target Support Files/Pods-BalloonsTests/Pods-BalloonsTests.debug.xcconfig"; sourceTree = "<group>"; };
		BA40C993A311B65F82EB7E39 /* Pods_BalloonsTests.framework */ = {isa = PBXFileReference; explicitFileType = wrapper.framework; includeInIndex = 0; path = Pods_BalloonsTests.framework; sourceTree = BUILT_PRODUCTS_DIR; };
		D16122CE44F26E079E9C31AD /* Pods-Balloons.release.xcconfig */ = {isa = PBXFileReference; includeInIndex = 1; lastKnownFileType = text.xcconfig; name = "Pods-Balloons.release.xcconfig"; path = "Pods/Target Support Files/Pods-Balloons/Pods-Balloons.release.xcconfig"; sourceTree = "<group>"; };
		ECCFB582C78BA9647B0FED38 /* Pods_Balloons.framework */ = {isa = PBXFileReference; explicitFileType = wrapper.framework; includeInIndex = 0; path = Pods_Balloons.framework; sourceTree = BUILT_PRODUCTS_DIR; };
/* End PBXFileReference section */

/* Begin PBXFrameworksBuildPhase section */
		102783112144AB35008B58D4 /* Frameworks */ = {
			isa = PBXFrameworksBuildPhase;
			buildActionMask = 2147483647;
			files = (
				32C39D1E8CBCAD0281EF544D /* Pods_Balloons.framework in Frameworks */,
			);
			runOnlyForDeploymentPostprocessing = 0;
		};
		102783252144AB36008B58D4 /* Frameworks */ = {
			isa = PBXFrameworksBuildPhase;
			buildActionMask = 2147483647;
			files = (
				735CA3C2D741E8935DDEBB16 /* Pods_BalloonsTests.framework in Frameworks */,
			);
			runOnlyForDeploymentPostprocessing = 0;
		};
		102783302144AB36008B58D4 /* Frameworks */ = {
			isa = PBXFrameworksBuildPhase;
			buildActionMask = 2147483647;
			files = (
				8426D21EE5CC56B094BAA296 /* Pods_BalloonsUITests.framework in Frameworks */,
			);
			runOnlyForDeploymentPostprocessing = 0;
		};
/* End PBXFrameworksBuildPhase section */

/* Begin PBXGroup section */
		1027830B2144AB35008B58D4 = {
			isa = PBXGroup;
			children = (
				102783162144AB35008B58D4 /* Balloons */,
				1027832B2144AB36008B58D4 /* BalloonsTests */,
				102783362144AB36008B58D4 /* BalloonsUITests */,
				102783152144AB35008B58D4 /* Products */,
				88B4955528029D2BAAA705EC /* Pods */,
				E1892B2393AF79A3EE8FA1F3 /* Frameworks */,
			);
			sourceTree = "<group>";
		};
		102783152144AB35008B58D4 /* Products */ = {
			isa = PBXGroup;
			children = (
				102783142144AB35008B58D4 /* Balloons.app */,
				102783282144AB36008B58D4 /* BalloonsTests.xctest */,
				102783332144AB36008B58D4 /* BalloonsUITests.xctest */,
			);
			name = Products;
			sourceTree = "<group>";
		};
		102783162144AB35008B58D4 /* Balloons */ = {
			isa = PBXGroup;
			children = (
				102783172144AB35008B58D4 /* AppDelegate.swift */,
				102783192144AB35008B58D4 /* ViewController.swift */,
				1027831B2144AB35008B58D4 /* Main.storyboard */,
				102783202144AB36008B58D4 /* LaunchScreen.storyboard */,
				1027834B2145075C008B58D4 /* Assets.xcassets */,
				102783232144AB36008B58D4 /* Info.plist */,
				87ED0C6821459942003E7436 /* balloon.png */,
				102783452144B070008B58D4 /* Animation.swift */,
			);
			path = Balloons;
			sourceTree = "<group>";
		};
		1027832B2144AB36008B58D4 /* BalloonsTests */ = {
			isa = PBXGroup;
			children = (
				1027832C2144AB36008B58D4 /* BalloonsTests.swift */,
				1027832E2144AB36008B58D4 /* Info.plist */,
			);
			path = BalloonsTests;
			sourceTree = "<group>";
		};
		102783362144AB36008B58D4 /* BalloonsUITests */ = {
			isa = PBXGroup;
			children = (
				102783372144AB36008B58D4 /* BalloonsUITests.swift */,
				102783392144AB36008B58D4 /* Info.plist */,
			);
			path = BalloonsUITests;
			sourceTree = "<group>";
		};
		88B4955528029D2BAAA705EC /* Pods */ = {
			isa = PBXGroup;
			children = (
				28F3A1DEBA7E3C3861FFF37E /* Pods-Balloons.debug.xcconfig */,
				D16122CE44F26E079E9C31AD /* Pods-Balloons.release.xcconfig */,
				AF0BE01A404C667B827F1673 /* Pods-BalloonsTests.debug.xcconfig */,
				2154947101A06C32AF423992 /* Pods-BalloonsTests.release.xcconfig */,
				803397CF4D3EE5DC61489A49 /* Pods-BalloonsUITests.debug.xcconfig */,
				317B0B155B1B50FD7EF07711 /* Pods-BalloonsUITests.release.xcconfig */,
			);
			name = Pods;
			sourceTree = "<group>";
		};
		E1892B2393AF79A3EE8FA1F3 /* Frameworks */ = {
			isa = PBXGroup;
			children = (
				ECCFB582C78BA9647B0FED38 /* Pods_Balloons.framework */,
				BA40C993A311B65F82EB7E39 /* Pods_BalloonsTests.framework */,
				0B76DF42DF99D9FAC1415DE6 /* Pods_BalloonsUITests.framework */,
			);
			name = Frameworks;
			sourceTree = "<group>";
		};
/* End PBXGroup section */

/* Begin PBXNativeTarget section */
		102783132144AB35008B58D4 /* Balloons */ = {
			isa = PBXNativeTarget;
			buildConfigurationList = 1027833C2144AB36008B58D4 /* Build configuration list for PBXNativeTarget "Balloons" */;
			buildPhases = (
				C69DD7A8BBD4E2ED05785B01 /* [CP] Check Pods Manifest.lock */,
				102783102144AB35008B58D4 /* Sources */,
				102783112144AB35008B58D4 /* Frameworks */,
				102783122144AB35008B58D4 /* Resources */,
			);
			buildRules = (
			);
			dependencies = (
			);
			name = Balloons;
			productName = Balloons;
			productReference = 102783142144AB35008B58D4 /* Balloons.app */;
			productType = "com.apple.product-type.application";
		};
		102783272144AB36008B58D4 /* BalloonsTests */ = {
			isa = PBXNativeTarget;
			buildConfigurationList = 1027833F2144AB36008B58D4 /* Build configuration list for PBXNativeTarget "BalloonsTests" */;
			buildPhases = (
				AE697A282C8191E5A34E39E6 /* [CP] Check Pods Manifest.lock */,
				102783242144AB36008B58D4 /* Sources */,
				102783252144AB36008B58D4 /* Frameworks */,
				102783262144AB36008B58D4 /* Resources */,
			);
			buildRules = (
			);
			dependencies = (
				1027832A2144AB36008B58D4 /* PBXTargetDependency */,
			);
			name = BalloonsTests;
			productName = BalloonsTests;
			productReference = 102783282144AB36008B58D4 /* BalloonsTests.xctest */;
			productType = "com.apple.product-type.bundle.unit-test";
		};
		102783322144AB36008B58D4 /* BalloonsUITests */ = {
			isa = PBXNativeTarget;
			buildConfigurationList = 102783422144AB36008B58D4 /* Build configuration list for PBXNativeTarget "BalloonsUITests" */;
			buildPhases = (
				439038FDE9A9F031BBE3EEB9 /* [CP] Check Pods Manifest.lock */,
				1027832F2144AB36008B58D4 /* Sources */,
				102783302144AB36008B58D4 /* Frameworks */,
				102783312144AB36008B58D4 /* Resources */,
			);
			buildRules = (
			);
			dependencies = (
				102783352144AB36008B58D4 /* PBXTargetDependency */,
			);
			name = BalloonsUITests;
			productName = BalloonsUITests;
			productReference = 102783332144AB36008B58D4 /* BalloonsUITests.xctest */;
			productType = "com.apple.product-type.bundle.ui-testing";
		};
/* End PBXNativeTarget section */

/* Begin PBXProject section */
		1027830C2144AB35008B58D4 /* Project object */ = {
			isa = PBXProject;
			attributes = {
				LastSwiftUpdateCheck = 0940;
				LastUpgradeCheck = 0940;
				ORGANIZATIONNAME = "Sarthak Babbar";
				TargetAttributes = {
					102783132144AB35008B58D4 = {
						CreatedOnToolsVersion = 9.4.1;
					};
					102783272144AB36008B58D4 = {
						CreatedOnToolsVersion = 9.4.1;
						TestTargetID = 102783132144AB35008B58D4;
					};
					102783322144AB36008B58D4 = {
						CreatedOnToolsVersion = 9.4.1;
						TestTargetID = 102783132144AB35008B58D4;
					};
				};
			};
			buildConfigurationList = 1027830F2144AB35008B58D4 /* Build configuration list for PBXProject "Balloons" */;
			compatibilityVersion = "Xcode 9.3";
			developmentRegion = en;
			hasScannedForEncodings = 0;
			knownRegions = (
				en,
				Base,
			);
			mainGroup = 1027830B2144AB35008B58D4;
			productRefGroup = 102783152144AB35008B58D4 /* Products */;
			projectDirPath = "";
			projectRoot = "";
			targets = (
				102783132144AB35008B58D4 /* Balloons */,
				102783272144AB36008B58D4 /* BalloonsTests */,
				102783322144AB36008B58D4 /* BalloonsUITests */,
			);
		};
/* End PBXProject section */

/* Begin PBXResourcesBuildPhase section */
		102783122144AB35008B58D4 /* Resources */ = {
			isa = PBXResourcesBuildPhase;
			buildActionMask = 2147483647;
			files = (
				102783222144AB36008B58D4 /* LaunchScreen.storyboard in Resources */,
				87ED0C6921459942003E7436 /* balloon.png in Resources */,
				1027834C2145075D008B58D4 /* Assets.xcassets in Resources */,
				1027831D2144AB35008B58D4 /* Main.storyboard in Resources */,
			);
			runOnlyForDeploymentPostprocessing = 0;
		};
		102783262144AB36008B58D4 /* Resources */ = {
			isa = PBXResourcesBuildPhase;
			buildActionMask = 2147483647;
			files = (
			);
			runOnlyForDeploymentPostprocessing = 0;
		};
		102783312144AB36008B58D4 /* Resources */ = {
			isa = PBXResourcesBuildPhase;
			buildActionMask = 2147483647;
			files = (
			);
			runOnlyForDeploymentPostprocessing = 0;
		};
/* End PBXResourcesBuildPhase section */

/* Begin PBXShellScriptBuildPhase section */
		439038FDE9A9F031BBE3EEB9 /* [CP] Check Pods Manifest.lock */ = {
			isa = PBXShellScriptBuildPhase;
			buildActionMask = 2147483647;
			files = (
			);
			inputFileListPaths = (
			);
			inputPaths = (
				"${PODS_PODFILE_DIR_PATH}/Podfile.lock",
				"${PODS_ROOT}/Manifest.lock",
			);
			name = "[CP] Check Pods Manifest.lock";
			outputFileListPaths = (
			);
			outputPaths = (
				"$(DERIVED_FILE_DIR)/Pods-BalloonsUITests-checkManifestLockResult.txt",
			);
			runOnlyForDeploymentPostprocessing = 0;
			shellPath = /bin/sh;
			shellScript = "diff \"${PODS_PODFILE_DIR_PATH}/Podfile.lock\" \"${PODS_ROOT}/Manifest.lock\" > /dev/null\nif [ $? != 0 ] ; then\n    # print error to STDERR\n    echo \"error: The sandbox is not in sync with the Podfile.lock. Run 'pod install' or update your CocoaPods installation.\" >&2\n    exit 1\nfi\n# This output is used by Xcode 'outputs' to avoid re-running this script phase.\necho \"SUCCESS\" > \"${SCRIPT_OUTPUT_FILE_0}\"\n";
			showEnvVarsInLog = 0;
		};
		AE697A282C8191E5A34E39E6 /* [CP] Check Pods Manifest.lock */ = {
			isa = PBXShellScriptBuildPhase;
			buildActionMask = 2147483647;
			files = (
			);
			inputFileListPaths = (
			);
			inputPaths = (
				"${PODS_PODFILE_DIR_PATH}/Podfile.lock",
				"${PODS_ROOT}/Manifest.lock",
			);
			name = "[CP] Check Pods Manifest.lock";
			outputFileListPaths = (
			);
			outputPaths = (
				"$(DERIVED_FILE_DIR)/Pods-BalloonsTests-checkManifestLockResult.txt",
			);
			runOnlyForDeploymentPostprocessing = 0;
			shellPath = /bin/sh;
			shellScript = "diff \"${PODS_PODFILE_DIR_PATH}/Podfile.lock\" \"${PODS_ROOT}/Manifest.lock\" > /dev/null\nif [ $? != 0 ] ; then\n    # print error to STDERR\n    echo \"error: The sandbox is not in sync with the Podfile.lock. Run 'pod install' or update your CocoaPods installation.\" >&2\n    exit 1\nfi\n# This output is used by Xcode 'outputs' to avoid re-running this script phase.\necho \"SUCCESS\" > \"${SCRIPT_OUTPUT_FILE_0}\"\n";
			showEnvVarsInLog = 0;
		};
		C69DD7A8BBD4E2ED05785B01 /* [CP] Check Pods Manifest.lock */ = {
			isa = PBXShellScriptBuildPhase;
			buildActionMask = 2147483647;
			files = (
			);
			inputFileListPaths = (
			);
			inputPaths = (
				"${PODS_PODFILE_DIR_PATH}/Podfile.lock",
				"${PODS_ROOT}/Manifest.lock",
			);
			name = "[CP] Check Pods Manifest.lock";
			outputFileListPaths = (
			);
			outputPaths = (
				"$(DERIVED_FILE_DIR)/Pods-Balloons-checkManifestLockResult.txt",
			);
			runOnlyForDeploymentPostprocessing = 0;
			shellPath = /bin/sh;
			shellScript = "diff \"${PODS_PODFILE_DIR_PATH}/Podfile.lock\" \"${PODS_ROOT}/Manifest.lock\" > /dev/null\nif [ $? != 0 ] ; then\n    # print error to STDERR\n    echo \"error: The sandbox is not in sync with the Podfile.lock. Run 'pod install' or update your CocoaPods installation.\" >&2\n    exit 1\nfi\n# This output is used by Xcode 'outputs' to avoid re-running this script phase.\necho \"SUCCESS\" > \"${SCRIPT_OUTPUT_FILE_0}\"\n";
			showEnvVarsInLog = 0;
		};
/* End PBXShellScriptBuildPhase section */

/* Begin PBXSourcesBuildPhase section */
		102783102144AB35008B58D4 /* Sources */ = {
			isa = PBXSourcesBuildPhase;
			buildActionMask = 2147483647;
			files = (
				1027831A2144AB35008B58D4 /* ViewController.swift in Sources */,
				102783462144B070008B58D4 /* Animation.swift in Sources */,
				102783182144AB35008B58D4 /* AppDelegate.swift in Sources */,
			);
			runOnlyForDeploymentPostprocessing = 0;
		};
		102783242144AB36008B58D4 /* Sources */ = {
			isa = PBXSourcesBuildPhase;
			buildActionMask = 2147483647;
			files = (
				1027832D2144AB36008B58D4 /* BalloonsTests.swift in Sources */,
			);
			runOnlyForDeploymentPostprocessing = 0;
		};
		1027832F2144AB36008B58D4 /* Sources */ = {
			isa = PBXSourcesBuildPhase;
			buildActionMask = 2147483647;
			files = (
				102783382144AB36008B58D4 /* BalloonsUITests.swift in Sources */,
			);
			runOnlyForDeploymentPostprocessing = 0;
		};
/* End PBXSourcesBuildPhase section */

/* Begin PBXTargetDependency section */
		1027832A2144AB36008B58D4 /* PBXTargetDependency */ = {
			isa = PBXTargetDependency;
			target = 102783132144AB35008B58D4 /* Balloons */;
			targetProxy = 102783292144AB36008B58D4 /* PBXContainerItemProxy */;
		};
		102783352144AB36008B58D4 /* PBXTargetDependency */ = {
			isa = PBXTargetDependency;
			target = 102783132144AB35008B58D4 /* Balloons */;
			targetProxy = 102783342144AB36008B58D4 /* PBXContainerItemProxy */;
		};
/* End PBXTargetDependency section */

/* Begin PBXVariantGroup section */
		1027831B2144AB35008B58D4 /* Main.storyboard */ = {
			isa = PBXVariantGroup;
			children = (
				1027831C2144AB35008B58D4 /* Base */,
			);
			name = Main.storyboard;
			sourceTree = "<group>";
		};
		102783202144AB36008B58D4 /* LaunchScreen.storyboard */ = {
			isa = PBXVariantGroup;
			children = (
				102783212144AB36008B58D4 /* Base */,
			);
			name = LaunchScreen.storyboard;
			sourceTree = "<group>";
		};
/* End PBXVariantGroup section */

/* Begin XCBuildConfiguration section */
		1027833A2144AB36008B58D4 /* Debug */ = {
			isa = XCBuildConfiguration;
			buildSettings = {
				ALWAYS_SEARCH_USER_PATHS = NO;
				CLANG_ANALYZER_NONNULL = YES;
				CLANG_ANALYZER_NUMBER_OBJECT_CONVERSION = YES_AGGRESSIVE;
				CLANG_CXX_LANGUAGE_STANDARD = "gnu++14";
				CLANG_CXX_LIBRARY = "libc++";
				CLANG_ENABLE_MODULES = YES;
				CLANG_ENABLE_OBJC_ARC = YES;
				CLANG_ENABLE_OBJC_WEAK = YES;
				CLANG_WARN_BLOCK_CAPTURE_AUTORELEASING = YES;
				CLANG_WARN_BOOL_CONVERSION = YES;
				CLANG_WARN_COMMA = YES;
				CLANG_WARN_CONSTANT_CONVERSION = YES;
				CLANG_WARN_DEPRECATED_OBJC_IMPLEMENTATIONS = YES;
				CLANG_WARN_DIRECT_OBJC_ISA_USAGE = YES_ERROR;
				CLANG_WARN_DOCUMENTATION_COMMENTS = YES;
				CLANG_WARN_EMPTY_BODY = YES;
				CLANG_WARN_ENUM_CONVERSION = YES;
				CLANG_WARN_INFINITE_RECURSION = YES;
				CLANG_WARN_INT_CONVERSION = YES;
				CLANG_WARN_NON_LITERAL_NULL_CONVERSION = YES;
				CLANG_WARN_OBJC_IMPLICIT_RETAIN_SELF = YES;
				CLANG_WARN_OBJC_LITERAL_CONVERSION = YES;
				CLANG_WARN_OBJC_ROOT_CLASS = YES_ERROR;
				CLANG_WARN_RANGE_LOOP_ANALYSIS = YES;
				CLANG_WARN_STRICT_PROTOTYPES = YES;
				CLANG_WARN_SUSPICIOUS_MOVE = YES;
				CLANG_WARN_UNGUARDED_AVAILABILITY = YES_AGGRESSIVE;
				CLANG_WARN_UNREACHABLE_CODE = YES;
				CLANG_WARN__DUPLICATE_METHOD_MATCH = YES;
				CODE_SIGN_IDENTITY = "iPhone Developer";
				COPY_PHASE_STRIP = NO;
				DEBUG_INFORMATION_FORMAT = dwarf;
				ENABLE_STRICT_OBJC_MSGSEND = YES;
				ENABLE_TESTABILITY = YES;
				GCC_C_LANGUAGE_STANDARD = gnu11;
				GCC_DYNAMIC_NO_PIC = NO;
				GCC_NO_COMMON_BLOCKS = YES;
				GCC_OPTIMIZATION_LEVEL = 0;
				GCC_PREPROCESSOR_DEFINITIONS = (
					"DEBUG=1",
					"$(inherited)",
				);
				GCC_WARN_64_TO_32_BIT_CONVERSION = YES;
				GCC_WARN_ABOUT_RETURN_TYPE = YES_ERROR;
				GCC_WARN_UNDECLARED_SELECTOR = YES;
				GCC_WARN_UNINITIALIZED_AUTOS = YES_AGGRESSIVE;
				GCC_WARN_UNUSED_FUNCTION = YES;
				GCC_WARN_UNUSED_VARIABLE = YES;
				IPHONEOS_DEPLOYMENT_TARGET = 11.4;
				MTL_ENABLE_DEBUG_INFO = YES;
				ONLY_ACTIVE_ARCH = YES;
				SDKROOT = iphoneos;
				SWIFT_ACTIVE_COMPILATION_CONDITIONS = DEBUG;
				SWIFT_OPTIMIZATION_LEVEL = "-Onone";
			};
			name = Debug;
		};
		1027833B2144AB36008B58D4 /* Release */ = {
			isa = XCBuildConfiguration;
			buildSettings = {
				ALWAYS_SEARCH_USER_PATHS = NO;
				CLANG_ANALYZER_NONNULL = YES;
				CLANG_ANALYZER_NUMBER_OBJECT_CONVERSION = YES_AGGRESSIVE;
				CLANG_CXX_LANGUAGE_STANDARD = "gnu++14";
				CLANG_CXX_LIBRARY = "libc++";
				CLANG_ENABLE_MODULES = YES;
				CLANG_ENABLE_OBJC_ARC = YES;
				CLANG_ENABLE_OBJC_WEAK = YES;
				CLANG_WARN_BLOCK_CAPTURE_AUTORELEASING = YES;
				CLANG_WARN_BOOL_CONVERSION = YES;
				CLANG_WARN_COMMA = YES;
				CLANG_WARN_CONSTANT_CONVERSION = YES;
				CLANG_WARN_DEPRECATED_OBJC_IMPLEMENTATIONS = YES;
				CLANG_WARN_DIRECT_OBJC_ISA_USAGE = YES_ERROR;
				CLANG_WARN_DOCUMENTATION_COMMENTS = YES;
				CLANG_WARN_EMPTY_BODY = YES;
				CLANG_WARN_ENUM_CONVERSION = YES;
				CLANG_WARN_INFINITE_RECURSION = YES;
				CLANG_WARN_INT_CONVERSION = YES;
				CLANG_WARN_NON_LITERAL_NULL_CONVERSION = YES;
				CLANG_WARN_OBJC_IMPLICIT_RETAIN_SELF = YES;
				CLANG_WARN_OBJC_LITERAL_CONVERSION = YES;
				CLANG_WARN_OBJC_ROOT_CLASS = YES_ERROR;
				CLANG_WARN_RANGE_LOOP_ANALYSIS = YES;
				CLANG_WARN_STRICT_PROTOTYPES = YES;
				CLANG_WARN_SUSPICIOUS_MOVE = YES;
				CLANG_WARN_UNGUARDED_AVAILABILITY = YES_AGGRESSIVE;
				CLANG_WARN_UNREACHABLE_CODE = YES;
				CLANG_WARN__DUPLICATE_METHOD_MATCH = YES;
				CODE_SIGN_IDENTITY = "iPhone Developer";
				COPY_PHASE_STRIP = NO;
				DEBUG_INFORMATION_FORMAT = "dwarf-with-dsym";
				ENABLE_NS_ASSERTIONS = NO;
				ENABLE_STRICT_OBJC_MSGSEND = YES;
				GCC_C_LANGUAGE_STANDARD = gnu11;
				GCC_NO_COMMON_BLOCKS = YES;
				GCC_WARN_64_TO_32_BIT_CONVERSION = YES;
				GCC_WARN_ABOUT_RETURN_TYPE = YES_ERROR;
				GCC_WARN_UNDECLARED_SELECTOR = YES;
				GCC_WARN_UNINITIALIZED_AUTOS = YES_AGGRESSIVE;
				GCC_WARN_UNUSED_FUNCTION = YES;
				GCC_WARN_UNUSED_VARIABLE = YES;
				IPHONEOS_DEPLOYMENT_TARGET = 11.4;
				MTL_ENABLE_DEBUG_INFO = NO;
				SDKROOT = iphoneos;
				SWIFT_COMPILATION_MODE = wholemodule;
				SWIFT_OPTIMIZATION_LEVEL = "-O";
				VALIDATE_PRODUCT = YES;
			};
			name = Release;
		};
		1027833D2144AB36008B58D4 /* Debug */ = {
			isa = XCBuildConfiguration;
			baseConfigurationReference = 28F3A1DEBA7E3C3861FFF37E /* Pods-Balloons.debug.xcconfig */;
			buildSettings = {
				ASSETCATALOG_COMPILER_APPICON_NAME = AppIcon;
				CODE_SIGN_STYLE = Automatic;
				INFOPLIST_FILE = Balloons/Info.plist;
				LD_RUNPATH_SEARCH_PATHS = (
					"$(inherited)",
					"@executable_path/Frameworks",
				);
				PRODUCT_BUNDLE_IDENTIFIER = app.Balloons;
				PRODUCT_NAME = "$(TARGET_NAME)";
				SWIFT_VERSION = 4.0;
				TARGETED_DEVICE_FAMILY = "1,2";
			};
			name = Debug;
		};
		1027833E2144AB36008B58D4 /* Release */ = {
			isa = XCBuildConfiguration;
			baseConfigurationReference = D16122CE44F26E079E9C31AD /* Pods-Balloons.release.xcconfig */;
			buildSettings = {
				ASSETCATALOG_COMPILER_APPICON_NAME = AppIcon;
				CODE_SIGN_STYLE = Automatic;
				INFOPLIST_FILE = Balloons/Info.plist;
				LD_RUNPATH_SEARCH_PATHS = (
					"$(inherited)",
					"@executable_path/Frameworks",
				);
				PRODUCT_BUNDLE_IDENTIFIER = app.Balloons;
				PRODUCT_NAME = "$(TARGET_NAME)";
				SWIFT_VERSION = 4.0;
				TARGETED_DEVICE_FAMILY = "1,2";
			};
			name = Release;
		};
		102783402144AB36008B58D4 /* Debug */ = {
			isa = XCBuildConfiguration;
			baseConfigurationReference = AF0BE01A404C667B827F1673 /* Pods-BalloonsTests.debug.xcconfig */;
			buildSettings = {
				ALWAYS_EMBED_SWIFT_STANDARD_LIBRARIES = YES;
				BUNDLE_LOADER = "$(TEST_HOST)";
				CODE_SIGN_STYLE = Automatic;
				INFOPLIST_FILE = BalloonsTests/Info.plist;
				LD_RUNPATH_SEARCH_PATHS = (
					"$(inherited)",
					"@executable_path/Frameworks",
					"@loader_path/Frameworks",
				);
				PRODUCT_BUNDLE_IDENTIFIER = app.BalloonsTests;
				PRODUCT_NAME = "$(TARGET_NAME)";
				SWIFT_VERSION = 4.0;
				TARGETED_DEVICE_FAMILY = "1,2";
				TEST_HOST = "$(BUILT_PRODUCTS_DIR)/Balloons.app/Balloons";
			};
			name = Debug;
		};
		102783412144AB36008B58D4 /* Release */ = {
			isa = XCBuildConfiguration;
			baseConfigurationReference = 2154947101A06C32AF423992 /* Pods-BalloonsTests.release.xcconfig */;
			buildSettings = {
				ALWAYS_EMBED_SWIFT_STANDARD_LIBRARIES = YES;
				BUNDLE_LOADER = "$(TEST_HOST)";
				CODE_SIGN_STYLE = Automatic;
				INFOPLIST_FILE = BalloonsTests/Info.plist;
				LD_RUNPATH_SEARCH_PATHS = (
					"$(inherited)",
					"@executable_path/Frameworks",
					"@loader_path/Frameworks",
				);
				PRODUCT_BUNDLE_IDENTIFIER = app.BalloonsTests;
				PRODUCT_NAME = "$(TARGET_NAME)";
				SWIFT_VERSION = 4.0;
				TARGETED_DEVICE_FAMILY = "1,2";
				TEST_HOST = "$(BUILT_PRODUCTS_DIR)/Balloons.app/Balloons";
			};
			name = Release;
		};
		102783432144AB36008B58D4 /* Debug */ = {
			isa = XCBuildConfiguration;
			baseConfigurationReference = 803397CF4D3EE5DC61489A49 /* Pods-BalloonsUITests.debug.xcconfig */;
			buildSettings = {
				ALWAYS_EMBED_SWIFT_STANDARD_LIBRARIES = YES;
				CODE_SIGN_STYLE = Automatic;
				INFOPLIST_FILE = BalloonsUITests/Info.plist;
				LD_RUNPATH_SEARCH_PATHS = (
					"$(inherited)",
					"@executable_path/Frameworks",
					"@loader_path/Frameworks",
				);
				PRODUCT_BUNDLE_IDENTIFIER = app.BalloonsUITests;
				PRODUCT_NAME = "$(TARGET_NAME)";
				SWIFT_VERSION = 4.0;
				TARGETED_DEVICE_FAMILY = "1,2";
				TEST_TARGET_NAME = Balloons;
			};
			name = Debug;
		};
		102783442144AB36008B58D4 /* Release */ = {
			isa = XCBuildConfiguration;
			baseConfigurationReference = 317B0B155B1B50FD7EF07711 /* Pods-BalloonsUITests.release.xcconfig */;
			buildSettings = {
				ALWAYS_EMBED_SWIFT_STANDARD_LIBRARIES = YES;
				CODE_SIGN_STYLE = Automatic;
				INFOPLIST_FILE = BalloonsUITests/Info.plist;
				LD_RUNPATH_SEARCH_PATHS = (
					"$(inherited)",
					"@executable_path/Frameworks",
					"@loader_path/Frameworks",
				);
				PRODUCT_BUNDLE_IDENTIFIER = app.BalloonsUITests;
				PRODUCT_NAME = "$(TARGET_NAME)";
				SWIFT_VERSION = 4.0;
				TARGETED_DEVICE_FAMILY = "1,2";
				TEST_TARGET_NAME = Balloons;
			};
			name = Release;
		};
/* End XCBuildConfiguration section */

/* Begin XCConfigurationList section */
		1027830F2144AB35008B58D4 /* Build configuration list for PBXProject "Balloons" */ = {
			isa = XCConfigurationList;
			buildConfigurations = (
				1027833A2144AB36008B58D4 /* Debug */,
				1027833B2144AB36008B58D4 /* Release */,
			);
			defaultConfigurationIsVisible = 0;
			defaultConfigurationName = Release;
		};
		1027833C2144AB36008B58D4 /* Build configuration list for PBXNativeTarget "Balloons" */ = {
			isa = XCConfigurationList;
			buildConfigurations = (
				1027833D2144AB36008B58D4 /* Debug */,
				1027833E2144AB36008B58D4 /* Release */,
			);
			defaultConfigurationIsVisible = 0;
			defaultConfigurationName = Release;
		};
		1027833F2144AB36008B58D4 /* Build configuration list for PBXNativeTarget "BalloonsTests" */ = {
			isa = XCConfigurationList;
			buildConfigurations = (
				102783402144AB36008B58D4 /* Debug */,
				102783412144AB36008B58D4 /* Release */,
			);
			defaultConfigurationIsVisible = 0;
			defaultConfigurationName = Release;
		};
		102783422144AB36008B58D4 /* Build configuration list for PBXNativeTarget "BalloonsUITests" */ = {
			isa = XCConfigurationList;
			buildConfigurations = (
				102783432144AB36008B58D4 /* Debug */,
				102783442144AB36008B58D4 /* Release */,
			);
			defaultConfigurationIsVisible = 0;
			defaultConfigurationName = Release;
		};
/* End XCConfigurationList section */
	};
	rootObject = 1027830C2144AB35008B58D4 /* Project object */;
}
